# This file is automatically @generated by Cargo.
# It is not intended for manual editing.
version = 4

[[package]]
name = "mongol-norm"
version = "0.2.0"
source = "registry+https://github.com/rust-lang/crates.io-index"
checksum = "c5fe4914d29fa1998a0c7b5aa753290bfa1c8efba4da02a99084ea04af0c395d"

[[package]]
name = "zvvnmod-utn57"
version = "0.2.0"
dependencies = [
 "mongol-norm",
]
