# This file is automatically @generated by Cargo.
# It is not intended for manual editing.
version = 4

[[package]]
name = "mongol-norm"
version = "0.2.1"
source = "registry+https://github.com/rust-lang/crates.io-index"
checksum = "cd0752860f67b606760031a3488e38e62792c6f7cc39d7e1a3e5bd2ec8f9bfa0"

[[package]]
name = "zvvnmod-utn57"
version = "0.3.2"
dependencies = [
 "mongol-norm",
]
