# This file is automatically @generated by Cargo.
# It is not intended for manual editing.
version = 4

[[package]]
name = "mongol-norm"
version = "0.1.1"
source = "registry+https://github.com/rust-lang/crates.io-index"
checksum = "2f2cbb3ad9c3dabb45d5939a7951fe51a4c536fe5ec2f7cc940ad29949508689"

[[package]]
name = "zvvnmod-utn57"
version = "0.1.1"
dependencies = [
 "mongol-norm",
]
